// !$*UTF8*$!
{
	archiveVersion = 1;
	classes = {
	};
	objectVersion = 56;
	objects = {

/* Begin PBXBuildFile section */
		2B1A579D2C7DFF86006C0BA6 /* ItemsStack.swift in Sources */ = {isa = PBXBuildFile; fileRef = 2B1A579C2C7DFF86006C0BA6 /* ItemsStack.swift */; };
		854864362C7C3F9F00AE2D19 /* Extensions.swift in Sources */ = {isa = PBXBuildFile; fileRef = 854864352C7C3F9F00AE2D19 /* Extensions.swift */; };
		8548643F2C7C6BE000AE2D19 /* MapAnnotationView.swift in Sources */ = {isa = PBXBuildFile; fileRef = 8548643E2C7C6BDF00AE2D19 /* MapAnnotationView.swift */; };
		854864412C7C6CDA00AE2D19 /* StoresStack.swift in Sources */ = {isa = PBXBuildFile; fileRef = 854864402C7C6CDA00AE2D19 /* StoresStack.swift */; };
		8553E0F92C6EE52C00C56635 /* StoreRow.swift in Sources */ = {isa = PBXBuildFile; fileRef = 8553E0F82C6EE52C00C56635 /* StoreRow.swift */; };
		8553E0FB2C6EE57100C56635 /* StoreDetails.swift in Sources */ = {isa = PBXBuildFile; fileRef = 8553E0FA2C6EE57100C56635 /* StoreDetails.swift */; };
		8553E0FD2C6EE94F00C56635 /* MainScreenController.swift in Sources */ = {isa = PBXBuildFile; fileRef = 8553E0FC2C6EE94F00C56635 /* MainScreenController.swift */; };
		8553E0FF2C6EF27800C56635 /* ItemRow.swift in Sources */ = {isa = PBXBuildFile; fileRef = 8553E0FE2C6EF27800C56635 /* ItemRow.swift */; };
		8553E1012C6EF86A00C56635 /* Const.swift in Sources */ = {isa = PBXBuildFile; fileRef = 8553E1002C6EF86A00C56635 /* Const.swift */; };
		8553E1032C6EFA4000C56635 /* ItemDetails.swift in Sources */ = {isa = PBXBuildFile; fileRef = 8553E1022C6EFA4000C56635 /* ItemDetails.swift */; };
		8553E1052C6F034300C56635 /* LocationManager.swift in Sources */ = {isa = PBXBuildFile; fileRef = 8553E1042C6F034300C56635 /* LocationManager.swift */; };
		8553E1082C6F03B900C56635 /* DistanceString.swift in Sources */ = {isa = PBXBuildFile; fileRef = 8553E1072C6F03B900C56635 /* DistanceString.swift */; };
		85891C322C61F8A70039380F /* ecoeatsApp.swift in Sources */ = {isa = PBXBuildFile; fileRef = 85891C312C61F8A70039380F /* ecoeatsApp.swift */; };
		85891C342C61F8A70039380F /* ContentView.swift in Sources */ = {isa = PBXBuildFile; fileRef = 85891C332C61F8A70039380F /* ContentView.swift */; };
		85891C362C61F8A90039380F /* Assets.xcassets in Resources */ = {isa = PBXBuildFile; fileRef = 85891C352C61F8A90039380F /* Assets.xcassets */; };
		85891C392C61F8A90039380F /* Preview Assets.xcassets in Resources */ = {isa = PBXBuildFile; fileRef = 85891C382C61F8A90039380F /* Preview Assets.xcassets */; };
		85891C442C61FB1E0039380F /* Launch Screen.storyboard in Resources */ = {isa = PBXBuildFile; fileRef = 85891C432C61FB1E0039380F /* Launch Screen.storyboard */; };
		85891C462C61FC060039380F /* Onboarding.swift in Sources */ = {isa = PBXBuildFile; fileRef = 85891C452C61FC060039380F /* Onboarding.swift */; };
		85891C482C61FC450039380F /* SignIn.swift in Sources */ = {isa = PBXBuildFile; fileRef = 85891C472C61FC450039380F /* SignIn.swift */; };
		85891C4A2C61FC560039380F /* Main.swift in Sources */ = {isa = PBXBuildFile; fileRef = 85891C492C61FC560039380F /* Main.swift */; };
		85891C4C2C61FC620039380F /* Settings.swift in Sources */ = {isa = PBXBuildFile; fileRef = 85891C4B2C61FC620039380F /* Settings.swift */; };
		85891C4F2C61FC9B0039380F /* AppState.swift in Sources */ = {isa = PBXBuildFile; fileRef = 85891C4E2C61FC9B0039380F /* AppState.swift */; };
		85891C522C61FD4C0039380F /* AppController.swift in Sources */ = {isa = PBXBuildFile; fileRef = 85891C512C61FD4C0039380F /* AppController.swift */; };
		85891C542C6200090039380F /* MapView.swift in Sources */ = {isa = PBXBuildFile; fileRef = 85891C532C6200090039380F /* MapView.swift */; };
		85891C562C6200150039380F /* MainListView.swift in Sources */ = {isa = PBXBuildFile; fileRef = 85891C552C6200150039380F /* MainListView.swift */; };
		85891C582C62005D0039380F /* MainState.swift in Sources */ = {isa = PBXBuildFile; fileRef = 85891C572C62005D0039380F /* MainState.swift */; };
		85891C5A2C633EA80039380F /* User.swift in Sources */ = {isa = PBXBuildFile; fileRef = 85891C592C633EA80039380F /* User.swift */; };
		85891C5C2C633ED40039380F /* Store.swift in Sources */ = {isa = PBXBuildFile; fileRef = 85891C5B2C633ED40039380F /* Store.swift */; };
		85891C5E2C63407E0039380F /* Item.swift in Sources */ = {isa = PBXBuildFile; fileRef = 85891C5D2C63407E0039380F /* Item.swift */; };
		85891C612C6340CF0039380F /* TestData.swift in Sources */ = {isa = PBXBuildFile; fileRef = 85891C602C6340CF0039380F /* TestData.swift */; };
		85891C672C6355A20039380F /* DataController.swift in Sources */ = {isa = PBXBuildFile; fileRef = 85891C662C6355A20039380F /* DataController.swift */; };
		85D28E352C635B58008D5F15 /* AWSAPIPlugin in Frameworks */ = {isa = PBXBuildFile; productRef = 85D28E342C635B58008D5F15 /* AWSAPIPlugin */; };
		85D28E372C635B58008D5F15 /* AWSCloudWatchLoggingPlugin in Frameworks */ = {isa = PBXBuildFile; productRef = 85D28E362C635B58008D5F15 /* AWSCloudWatchLoggingPlugin */; };
		85D28E392C635B58008D5F15 /* AWSCognitoAuthPlugin in Frameworks */ = {isa = PBXBuildFile; productRef = 85D28E382C635B58008D5F15 /* AWSCognitoAuthPlugin */; };
		85D28E3B2C635B58008D5F15 /* AWSDataStorePlugin in Frameworks */ = {isa = PBXBuildFile; productRef = 85D28E3A2C635B58008D5F15 /* AWSDataStorePlugin */; };
		85D28E3D2C635B58008D5F15 /* AWSLocationGeoPlugin in Frameworks */ = {isa = PBXBuildFile; productRef = 85D28E3C2C635B58008D5F15 /* AWSLocationGeoPlugin */; };
		85D28E3F2C635CF0008D5F15 /* amplifyconfiguration.json in Resources */ = {isa = PBXBuildFile; fileRef = 85D28E3E2C635CF0008D5F15 /* amplifyconfiguration.json */; };
		85D28E412C636009008D5F15 /* Defaults.swift in Sources */ = {isa = PBXBuildFile; fileRef = 85D28E402C636009008D5F15 /* Defaults.swift */; };
		85D28E472C64978F008D5F15 /* JsonHelper.swift in Sources */ = {isa = PBXBuildFile; fileRef = 85D28E462C64978F008D5F15 /* JsonHelper.swift */; };
		85D28E4D2C64A2D9008D5F15 /* CachedAsyncImage in Frameworks */ = {isa = PBXBuildFile; productRef = 85D28E4C2C64A2D9008D5F15 /* CachedAsyncImage */; };
		85D640BF2C7474F600E0572A /* CodeScanner.swift in Sources */ = {isa = PBXBuildFile; fileRef = 85D640BC2C7474F600E0572A /* CodeScanner.swift */; };
		85D640C02C7474F600E0572A /* QRCodeGenerator.swift in Sources */ = {isa = PBXBuildFile; fileRef = 85D640BD2C7474F600E0572A /* QRCodeGenerator.swift */; };
		85D640C12C7474F600E0572A /* ScannerViewController.swift in Sources */ = {isa = PBXBuildFile; fileRef = 85D640BE2C7474F600E0572A /* ScannerViewController.swift */; };
		85D640C32C74752100E0572A /* ScannerView.swift in Sources */ = {isa = PBXBuildFile; fileRef = 85D640C22C74752100E0572A /* ScannerView.swift */; };
		85D640C52C747BB300E0572A /* ApiResult.swift in Sources */ = {isa = PBXBuildFile; fileRef = 85D640C42C747BB300E0572A /* ApiResult.swift */; };
		85D640C72C747BD900E0572A /* ApiUser.swift in Sources */ = {isa = PBXBuildFile; fileRef = 85D640C62C747BD900E0572A /* ApiUser.swift */; };
		85D640C92C7491B700E0572A /* AccountView.swift in Sources */ = {isa = PBXBuildFile; fileRef = 85D640C82C7491B700E0572A /* AccountView.swift */; };
		85D640CB2C75BC3100E0572A /* ScanQRRequest.swift in Sources */ = {isa = PBXBuildFile; fileRef = 85D640CA2C75BC3100E0572A /* ScanQRRequest.swift */; };
/* End PBXBuildFile section */

/* Begin PBXFileReference section */
		2B1A579C2C7DFF86006C0BA6 /* ItemsStack.swift */ = {isa = PBXFileReference; lastKnownFileType = sourcecode.swift; path = ItemsStack.swift; sourceTree = "<group>"; };
		854864352C7C3F9F00AE2D19 /* Extensions.swift */ = {isa = PBXFileReference; lastKnownFileType = sourcecode.swift; path = Extensions.swift; sourceTree = "<group>"; };
		8548643E2C7C6BDF00AE2D19 /* MapAnnotationView.swift */ = {isa = PBXFileReference; lastKnownFileType = sourcecode.swift; path = MapAnnotationView.swift; sourceTree = "<group>"; };
		854864402C7C6CDA00AE2D19 /* StoresStack.swift */ = {isa = PBXFileReference; lastKnownFileType = sourcecode.swift; path = StoresStack.swift; sourceTree = "<group>"; };
		8553E0F82C6EE52C00C56635 /* StoreRow.swift */ = {isa = PBXFileReference; lastKnownFileType = sourcecode.swift; path = StoreRow.swift; sourceTree = "<group>"; };
		8553E0FA2C6EE57100C56635 /* StoreDetails.swift */ = {isa = PBXFileReference; lastKnownFileType = sourcecode.swift; path = StoreDetails.swift; sourceTree = "<group>"; };
		8553E0FC2C6EE94F00C56635 /* MainScreenController.swift */ = {isa = PBXFileReference; lastKnownFileType = sourcecode.swift; path = MainScreenController.swift; sourceTree = "<group>"; };
		8553E0FE2C6EF27800C56635 /* ItemRow.swift */ = {isa = PBXFileReference; lastKnownFileType = sourcecode.swift; path = ItemRow.swift; sourceTree = "<group>"; };
		8553E1002C6EF86A00C56635 /* Const.swift */ = {isa = PBXFileReference; lastKnownFileType = sourcecode.swift; path = Const.swift; sourceTree = "<group>"; };
		8553E1022C6EFA4000C56635 /* ItemDetails.swift */ = {isa = PBXFileReference; lastKnownFileType = sourcecode.swift; path = ItemDetails.swift; sourceTree = "<group>"; };
		8553E1042C6F034300C56635 /* LocationManager.swift */ = {isa = PBXFileReference; lastKnownFileType = sourcecode.swift; path = LocationManager.swift; sourceTree = "<group>"; };
		8553E1072C6F03B900C56635 /* DistanceString.swift */ = {isa = PBXFileReference; lastKnownFileType = sourcecode.swift; path = DistanceString.swift; sourceTree = "<group>"; };
		85891C2E2C61F8A70039380F /* ecoeats.app */ = {isa = PBXFileReference; explicitFileType = wrapper.application; includeInIndex = 0; path = ecoeats.app; sourceTree = BUILT_PRODUCTS_DIR; };
		85891C312C61F8A70039380F /* ecoeatsApp.swift */ = {isa = PBXFileReference; lastKnownFileType = sourcecode.swift; path = ecoeatsApp.swift; sourceTree = "<group>"; };
		85891C332C61F8A70039380F /* ContentView.swift */ = {isa = PBXFileReference; lastKnownFileType = sourcecode.swift; path = ContentView.swift; sourceTree = "<group>"; };
		85891C352C61F8A90039380F /* Assets.xcassets */ = {isa = PBXFileReference; lastKnownFileType = folder.assetcatalog; path = Assets.xcassets; sourceTree = "<group>"; };
		85891C382C61F8A90039380F /* Preview Assets.xcassets */ = {isa = PBXFileReference; lastKnownFileType = folder.assetcatalog; path = "Preview Assets.xcassets"; sourceTree = "<group>"; };
		85891C432C61FB1E0039380F /* Launch Screen.storyboard */ = {isa = PBXFileReference; lastKnownFileType = file.storyboard; path = "Launch Screen.storyboard"; sourceTree = "<group>"; };
		85891C452C61FC060039380F /* Onboarding.swift */ = {isa = PBXFileReference; lastKnownFileType = sourcecode.swift; path = Onboarding.swift; sourceTree = "<group>"; };
		85891C472C61FC450039380F /* SignIn.swift */ = {isa = PBXFileReference; lastKnownFileType = sourcecode.swift; path = SignIn.swift; sourceTree = "<group>"; };
		85891C492C61FC560039380F /* Main.swift */ = {isa = PBXFileReference; lastKnownFileType = sourcecode.swift; path = Main.swift; sourceTree = "<group>"; };
		85891C4B2C61FC620039380F /* Settings.swift */ = {isa = PBXFileReference; lastKnownFileType = sourcecode.swift; path = Settings.swift; sourceTree = "<group>"; };
		85891C4E2C61FC9B0039380F /* AppState.swift */ = {isa = PBXFileReference; lastKnownFileType = sourcecode.swift; path = AppState.swift; sourceTree = "<group>"; };
		85891C512C61FD4C0039380F /* AppController.swift */ = {isa = PBXFileReference; lastKnownFileType = sourcecode.swift; path = AppController.swift; sourceTree = "<group>"; };
		85891C532C6200090039380F /* MapView.swift */ = {isa = PBXFileReference; lastKnownFileType = sourcecode.swift; path = MapView.swift; sourceTree = "<group>"; };
		85891C552C6200150039380F /* MainListView.swift */ = {isa = PBXFileReference; lastKnownFileType = sourcecode.swift; path = MainListView.swift; sourceTree = "<group>"; };
		85891C572C62005D0039380F /* MainState.swift */ = {isa = PBXFileReference; lastKnownFileType = sourcecode.swift; path = MainState.swift; sourceTree = "<group>"; };
		85891C592C633EA80039380F /* User.swift */ = {isa = PBXFileReference; lastKnownFileType = sourcecode.swift; path = User.swift; sourceTree = "<group>"; };
		85891C5B2C633ED40039380F /* Store.swift */ = {isa = PBXFileReference; lastKnownFileType = sourcecode.swift; path = Store.swift; sourceTree = "<group>"; };
		85891C5D2C63407E0039380F /* Item.swift */ = {isa = PBXFileReference; lastKnownFileType = sourcecode.swift; path = Item.swift; sourceTree = "<group>"; };
		85891C602C6340CF0039380F /* TestData.swift */ = {isa = PBXFileReference; lastKnownFileType = sourcecode.swift; path = TestData.swift; sourceTree = "<group>"; };
		85891C662C6355A20039380F /* DataController.swift */ = {isa = PBXFileReference; lastKnownFileType = sourcecode.swift; path = DataController.swift; sourceTree = "<group>"; };
		85D28E3E2C635CF0008D5F15 /* amplifyconfiguration.json */ = {isa = PBXFileReference; lastKnownFileType = text.json; path = amplifyconfiguration.json; sourceTree = "<group>"; };
		85D28E402C636009008D5F15 /* Defaults.swift */ = {isa = PBXFileReference; lastKnownFileType = sourcecode.swift; path = Defaults.swift; sourceTree = "<group>"; };
		85D28E462C64978F008D5F15 /* JsonHelper.swift */ = {isa = PBXFileReference; lastKnownFileType = sourcecode.swift; path = JsonHelper.swift; sourceTree = "<group>"; };
		85D640BC2C7474F600E0572A /* CodeScanner.swift */ = {isa = PBXFileReference; fileEncoding = 4; lastKnownFileType = sourcecode.swift; path = CodeScanner.swift; sourceTree = "<group>"; };
		85D640BD2C7474F600E0572A /* QRCodeGenerator.swift */ = {isa = PBXFileReference; fileEncoding = 4; lastKnownFileType = sourcecode.swift; path = QRCodeGenerator.swift; sourceTree = "<group>"; };
		85D640BE2C7474F600E0572A /* ScannerViewController.swift */ = {isa = PBXFileReference; fileEncoding = 4; lastKnownFileType = sourcecode.swift; path = ScannerViewController.swift; sourceTree = "<group>"; };
		85D640C22C74752100E0572A /* ScannerView.swift */ = {isa = PBXFileReference; lastKnownFileType = sourcecode.swift; path = ScannerView.swift; sourceTree = "<group>"; };
		85D640C42C747BB300E0572A /* ApiResult.swift */ = {isa = PBXFileReference; lastKnownFileType = sourcecode.swift; path = ApiResult.swift; sourceTree = "<group>"; };
		85D640C62C747BD900E0572A /* ApiUser.swift */ = {isa = PBXFileReference; lastKnownFileType = sourcecode.swift; path = ApiUser.swift; sourceTree = "<group>"; };
		85D640C82C7491B700E0572A /* AccountView.swift */ = {isa = PBXFileReference; lastKnownFileType = sourcecode.swift; path = AccountView.swift; sourceTree = "<group>"; };
		85D640CA2C75BC3100E0572A /* ScanQRRequest.swift */ = {isa = PBXFileReference; lastKnownFileType = sourcecode.swift; path = ScanQRRequest.swift; sourceTree = "<group>"; };
/* End PBXFileReference section */

/* Begin PBXFrameworksBuildPhase section */
		85891C2B2C61F8A70039380F /* Frameworks */ = {
			isa = PBXFrameworksBuildPhase;
			buildActionMask = 2147483647;
			files = (
				85D28E352C635B58008D5F15 /* AWSAPIPlugin in Frameworks */,
				85D28E3D2C635B58008D5F15 /* AWSLocationGeoPlugin in Frameworks */,
				85D28E372C635B58008D5F15 /* AWSCloudWatchLoggingPlugin in Frameworks */,
				85D28E4D2C64A2D9008D5F15 /* CachedAsyncImage in Frameworks */,
				85D28E392C635B58008D5F15 /* AWSCognitoAuthPlugin in Frameworks */,
				85D28E3B2C635B58008D5F15 /* AWSDataStorePlugin in Frameworks */,
			);
			runOnlyForDeploymentPostprocessing = 0;
		};
/* End PBXFrameworksBuildPhase section */

/* Begin PBXGroup section */
		8553E1062C6F03A300C56635 /* Elements */ = {
			isa = PBXGroup;
			children = (
				85D640BB2C7474F600E0572A /* CodeScanner */,
				8553E1072C6F03B900C56635 /* DistanceString.swift */,
			);
			path = Elements;
			sourceTree = "<group>";
		};
		85891C252C61F8A70039380F = {
			isa = PBXGroup;
			children = (
				85891C302C61F8A70039380F /* ecoeats */,
				85891C2F2C61F8A70039380F /* Products */,
			);
			sourceTree = "<group>";
		};
		85891C2F2C61F8A70039380F /* Products */ = {
			isa = PBXGroup;
			children = (
				85891C2E2C61F8A70039380F /* ecoeats.app */,
			);
			name = Products;
			sourceTree = "<group>";
		};
		85891C302C61F8A70039380F /* ecoeats */ = {
			isa = PBXGroup;
			children = (
				85891C312C61F8A70039380F /* ecoeatsApp.swift */,
				85891C332C61F8A70039380F /* ContentView.swift */,
				85891C3F2C61FA9D0039380F /* Onboarding */,
				85891C402C61FAA50039380F /* SignIn */,
				85891C412C61FAAE0039380F /* Main */,
				85891C422C61FAC00039380F /* Settings */,
				85891C502C61FD320039380F /* Shared */,
				8553E1062C6F03A300C56635 /* Elements */,
				85891C4D2C61FC8C0039380F /* Models */,
				85891C5F2C6340BD0039380F /* Data */,
				85891C352C61F8A90039380F /* Assets.xcassets */,
				85891C372C61F8A90039380F /* Preview Content */,
				85891C432C61FB1E0039380F /* Launch Screen.storyboard */,
				85D28E3E2C635CF0008D5F15 /* amplifyconfiguration.json */,
			);
			path = ecoeats;
			sourceTree = "<group>";
		};
		85891C372C61F8A90039380F /* Preview Content */ = {
			isa = PBXGroup;
			children = (
				85891C382C61F8A90039380F /* Preview Assets.xcassets */,
			);
			path = "Preview Content";
			sourceTree = "<group>";
		};
		85891C3F2C61FA9D0039380F /* Onboarding */ = {
			isa = PBXGroup;
			children = (
				85891C452C61FC060039380F /* Onboarding.swift */,
			);
			path = Onboarding;
			sourceTree = "<group>";
		};
		85891C402C61FAA50039380F /* SignIn */ = {
			isa = PBXGroup;
			children = (
				85891C472C61FC450039380F /* SignIn.swift */,
			);
			path = SignIn;
			sourceTree = "<group>";
		};
		85891C412C61FAAE0039380F /* Main */ = {
			isa = PBXGroup;
			children = (
				85891C492C61FC560039380F /* Main.swift */,
				85891C532C6200090039380F /* MapView.swift */,
				85891C552C6200150039380F /* MainListView.swift */,
				8553E0F82C6EE52C00C56635 /* StoreRow.swift */,
				8553E0FA2C6EE57100C56635 /* StoreDetails.swift */,
				8553E0FE2C6EF27800C56635 /* ItemRow.swift */,
				8553E1022C6EFA4000C56635 /* ItemDetails.swift */,
				85D640C22C74752100E0572A /* ScannerView.swift */,
				85D640C82C7491B700E0572A /* AccountView.swift */,
				8548643E2C7C6BDF00AE2D19 /* MapAnnotationView.swift */,
				854864402C7C6CDA00AE2D19 /* StoresStack.swift */,
				8553E0FC2C6EE94F00C56635 /* MainScreenController.swift */,
				2B1A579C2C7DFF86006C0BA6 /* ItemsStack.swift */,
			);
			path = Main;
			sourceTree = "<group>";
		};
		85891C422C61FAC00039380F /* Settings */ = {
			isa = PBXGroup;
			children = (
				85891C4B2C61FC620039380F /* Settings.swift */,
			);
			path = Settings;
			sourceTree = "<group>";
		};
		85891C4D2C61FC8C0039380F /* Models */ = {
			isa = PBXGroup;
			children = (
				85891C4E2C61FC9B0039380F /* AppState.swift */,
				85891C572C62005D0039380F /* MainState.swift */,
				85D640C62C747BD900E0572A /* ApiUser.swift */,
				85891C592C633EA80039380F /* User.swift */,
				85891C5B2C633ED40039380F /* Store.swift */,
				85891C5D2C63407E0039380F /* Item.swift */,
				85D640C42C747BB300E0572A /* ApiResult.swift */,
				85D640CA2C75BC3100E0572A /* ScanQRRequest.swift */,
			);
			path = Models;
			sourceTree = "<group>";
		};
		85891C502C61FD320039380F /* Shared */ = {
			isa = PBXGroup;
			children = (
				85891C512C61FD4C0039380F /* AppController.swift */,
				85891C662C6355A20039380F /* DataController.swift */,
				85D28E402C636009008D5F15 /* Defaults.swift */,
				85D28E462C64978F008D5F15 /* JsonHelper.swift */,
				8553E1002C6EF86A00C56635 /* Const.swift */,
				8553E1042C6F034300C56635 /* LocationManager.swift */,
				854864352C7C3F9F00AE2D19 /* Extensions.swift */,
			);
			path = Shared;
			sourceTree = "<group>";
		};
		85891C5F2C6340BD0039380F /* Data */ = {
			isa = PBXGroup;
			children = (
				85891C602C6340CF0039380F /* TestData.swift */,
			);
			path = Data;
			sourceTree = "<group>";
		};
		85D640BB2C7474F600E0572A /* CodeScanner */ = {
			isa = PBXGroup;
			children = (
				85D640BC2C7474F600E0572A /* CodeScanner.swift */,
				85D640BD2C7474F600E0572A /* QRCodeGenerator.swift */,
				85D640BE2C7474F600E0572A /* ScannerViewController.swift */,
			);
			path = CodeScanner;
			sourceTree = "<group>";
		};
/* End PBXGroup section */

/* Begin PBXNativeTarget section */
		85891C2D2C61F8A70039380F /* ecoeats */ = {
			isa = PBXNativeTarget;
			buildConfigurationList = 85891C3C2C61F8A90039380F /* Build configuration list for PBXNativeTarget "ecoeats" */;
			buildPhases = (
				85891C2A2C61F8A70039380F /* Sources */,
				85891C2B2C61F8A70039380F /* Frameworks */,
				85891C2C2C61F8A70039380F /* Resources */,
			);
			buildRules = (
			);
			dependencies = (
			);
			name = ecoeats;
			packageProductDependencies = (
				85D28E342C635B58008D5F15 /* AWSAPIPlugin */,
				85D28E362C635B58008D5F15 /* AWSCloudWatchLoggingPlugin */,
				85D28E382C635B58008D5F15 /* AWSCognitoAuthPlugin */,
				85D28E3A2C635B58008D5F15 /* AWSDataStorePlugin */,
				85D28E3C2C635B58008D5F15 /* AWSLocationGeoPlugin */,
				85D28E4C2C64A2D9008D5F15 /* CachedAsyncImage */,
			);
			productName = ecoeats;
			productReference = 85891C2E2C61F8A70039380F /* ecoeats.app */;
			productType = "com.apple.product-type.application";
		};
/* End PBXNativeTarget section */

/* Begin PBXProject section */
		85891C262C61F8A70039380F /* Project object */ = {
			isa = PBXProject;
			attributes = {
				BuildIndependentTargetsInParallel = 1;
				LastSwiftUpdateCheck = 1520;
				LastUpgradeCheck = 1520;
				TargetAttributes = {
					85891C2D2C61F8A70039380F = {
						CreatedOnToolsVersion = 15.2;
					};
				};
			};
			buildConfigurationList = 85891C292C61F8A70039380F /* Build configuration list for PBXProject "ecoeats" */;
			compatibilityVersion = "Xcode 14.0";
			developmentRegion = en;
			hasScannedForEncodings = 0;
			knownRegions = (
				en,
				Base,
			);
			mainGroup = 85891C252C61F8A70039380F;
			packageReferences = (
				85D28E332C635B58008D5F15 /* XCRemoteSwiftPackageReference "amplify-swift" */,
				85D28E4B2C64A2D9008D5F15 /* XCRemoteSwiftPackageReference "CachedAsyncImage" */,
			);
			productRefGroup = 85891C2F2C61F8A70039380F /* Products */;
			projectDirPath = "";
			projectRoot = "";
			targets = (
				85891C2D2C61F8A70039380F /* ecoeats */,
			);
		};
/* End PBXProject section */

/* Begin PBXResourcesBuildPhase section */
		85891C2C2C61F8A70039380F /* Resources */ = {
			isa = PBXResourcesBuildPhase;
			buildActionMask = 2147483647;
			files = (
				85891C442C61FB1E0039380F /* Launch Screen.storyboard in Resources */,
				85891C392C61F8A90039380F /* Preview Assets.xcassets in Resources */,
				85891C362C61F8A90039380F /* Assets.xcassets in Resources */,
				85D28E3F2C635CF0008D5F15 /* amplifyconfiguration.json in Resources */,
			);
			runOnlyForDeploymentPostprocessing = 0;
		};
/* End PBXResourcesBuildPhase section */

/* Begin PBXSourcesBuildPhase section */
		85891C2A2C61F8A70039380F /* Sources */ = {
			isa = PBXSourcesBuildPhase;
			buildActionMask = 2147483647;
			files = (
				85891C582C62005D0039380F /* MainState.swift in Sources */,
				2B1A579D2C7DFF86006C0BA6 /* ItemsStack.swift in Sources */,
				85D640C72C747BD900E0572A /* ApiUser.swift in Sources */,
				85891C4C2C61FC620039380F /* Settings.swift in Sources */,
				8553E1052C6F034300C56635 /* LocationManager.swift in Sources */,
				85891C4A2C61FC560039380F /* Main.swift in Sources */,
				85891C612C6340CF0039380F /* TestData.swift in Sources */,
				8548643F2C7C6BE000AE2D19 /* MapAnnotationView.swift in Sources */,
				85891C4F2C61FC9B0039380F /* AppState.swift in Sources */,
				8553E0F92C6EE52C00C56635 /* StoreRow.swift in Sources */,
				8553E1082C6F03B900C56635 /* DistanceString.swift in Sources */,
				85D640C12C7474F600E0572A /* ScannerViewController.swift in Sources */,
				85D640C32C74752100E0572A /* ScannerView.swift in Sources */,
				85891C5E2C63407E0039380F /* Item.swift in Sources */,
				85891C522C61FD4C0039380F /* AppController.swift in Sources */,
				854864412C7C6CDA00AE2D19 /* StoresStack.swift in Sources */,
				85D640C52C747BB300E0572A /* ApiResult.swift in Sources */,
				8553E0FB2C6EE57100C56635 /* StoreDetails.swift in Sources */,
				85D640C92C7491B700E0572A /* AccountView.swift in Sources */,
				8553E1032C6EFA4000C56635 /* ItemDetails.swift in Sources */,
				85D640BF2C7474F600E0572A /* CodeScanner.swift in Sources */,
				85D640C02C7474F600E0572A /* QRCodeGenerator.swift in Sources */,
				8553E1012C6EF86A00C56635 /* Const.swift in Sources */,
				854864362C7C3F9F00AE2D19 /* Extensions.swift in Sources */,
				85891C462C61FC060039380F /* Onboarding.swift in Sources */,
				85891C562C6200150039380F /* MainListView.swift in Sources */,
				85D28E472C64978F008D5F15 /* JsonHelper.swift in Sources */,
				85891C5C2C633ED40039380F /* Store.swift in Sources */,
				85891C342C61F8A70039380F /* ContentView.swift in Sources */,
				85D28E412C636009008D5F15 /* Defaults.swift in Sources */,
				85891C5A2C633EA80039380F /* User.swift in Sources */,
				85891C322C61F8A70039380F /* ecoeatsApp.swift in Sources */,
				8553E0FD2C6EE94F00C56635 /* MainScreenController.swift in Sources */,
				85891C672C6355A20039380F /* DataController.swift in Sources */,
				8553E0FF2C6EF27800C56635 /* ItemRow.swift in Sources */,
				85D640CB2C75BC3100E0572A /* ScanQRRequest.swift in Sources */,
				85891C542C6200090039380F /* MapView.swift in Sources */,
				85891C482C61FC450039380F /* SignIn.swift in Sources */,
			);
			runOnlyForDeploymentPostprocessing = 0;
		};
/* End PBXSourcesBuildPhase section */

/* Begin XCBuildConfiguration section */
		85891C3A2C61F8A90039380F /* Debug */ = {
			isa = XCBuildConfiguration;
			buildSettings = {
				ALWAYS_SEARCH_USER_PATHS = NO;
				ASSETCATALOG_COMPILER_GENERATE_SWIFT_ASSET_SYMBOL_EXTENSIONS = YES;
				CLANG_ANALYZER_NONNULL = YES;
				CLANG_ANALYZER_NUMBER_OBJECT_CONVERSION = YES_AGGRESSIVE;
				CLANG_CXX_LANGUAGE_STANDARD = "gnu++20";
				CLANG_ENABLE_MODULES = YES;
				CLANG_ENABLE_OBJC_ARC = YES;
				CLANG_ENABLE_OBJC_WEAK = YES;
				CLANG_WARN_BLOCK_CAPTURE_AUTORELEASING = YES;
				CLANG_WARN_BOOL_CONVERSION = YES;
				CLANG_WARN_COMMA = YES;
				CLANG_WARN_CONSTANT_CONVERSION = YES;
				CLANG_WARN_DEPRECATED_OBJC_IMPLEMENTATIONS = YES;
				CLANG_WARN_DIRECT_OBJC_ISA_USAGE = YES_ERROR;
				CLANG_WARN_DOCUMENTATION_COMMENTS = YES;
				CLANG_WARN_EMPTY_BODY = YES;
				CLANG_WARN_ENUM_CONVERSION = YES;
				CLANG_WARN_INFINITE_RECURSION = YES;
				CLANG_WARN_INT_CONVERSION = YES;
				CLANG_WARN_NON_LITERAL_NULL_CONVERSION = YES;
				CLANG_WARN_OBJC_IMPLICIT_RETAIN_SELF = YES;
				CLANG_WARN_OBJC_LITERAL_CONVERSION = YES;
				CLANG_WARN_OBJC_ROOT_CLASS = YES_ERROR;
				CLANG_WARN_QUOTED_INCLUDE_IN_FRAMEWORK_HEADER = YES;
				CLANG_WARN_RANGE_LOOP_ANALYSIS = YES;
				CLANG_WARN_STRICT_PROTOTYPES = YES;
				CLANG_WARN_SUSPICIOUS_MOVE = YES;
				CLANG_WARN_UNGUARDED_AVAILABILITY = YES_AGGRESSIVE;
				CLANG_WARN_UNREACHABLE_CODE = YES;
				CLANG_WARN__DUPLICATE_METHOD_MATCH = YES;
				COPY_PHASE_STRIP = NO;
				DEBUG_INFORMATION_FORMAT = dwarf;
				ENABLE_STRICT_OBJC_MSGSEND = YES;
				ENABLE_TESTABILITY = YES;
				ENABLE_USER_SCRIPT_SANDBOXING = YES;
				GCC_C_LANGUAGE_STANDARD = gnu17;
				GCC_DYNAMIC_NO_PIC = NO;
				GCC_NO_COMMON_BLOCKS = YES;
				GCC_OPTIMIZATION_LEVEL = 0;
				GCC_PREPROCESSOR_DEFINITIONS = (
					"DEBUG=1",
					"$(inherited)",
				);
				GCC_WARN_64_TO_32_BIT_CONVERSION = YES;
				GCC_WARN_ABOUT_RETURN_TYPE = YES_ERROR;
				GCC_WARN_UNDECLARED_SELECTOR = YES;
				GCC_WARN_UNINITIALIZED_AUTOS = YES_AGGRESSIVE;
				GCC_WARN_UNUSED_FUNCTION = YES;
				GCC_WARN_UNUSED_VARIABLE = YES;
				IPHONEOS_DEPLOYMENT_TARGET = 17.2;
				LOCALIZATION_PREFERS_STRING_CATALOGS = YES;
				MTL_ENABLE_DEBUG_INFO = INCLUDE_SOURCE;
				MTL_FAST_MATH = YES;
				ONLY_ACTIVE_ARCH = YES;
				SDKROOT = iphoneos;
				SWIFT_ACTIVE_COMPILATION_CONDITIONS = "DEBUG $(inherited)";
				SWIFT_OPTIMIZATION_LEVEL = "-Onone";
			};
			name = Debug;
		};
		85891C3B2C61F8A90039380F /* Release */ = {
			isa = XCBuildConfiguration;
			buildSettings = {
				ALWAYS_SEARCH_USER_PATHS = NO;
				ASSETCATALOG_COMPILER_GENERATE_SWIFT_ASSET_SYMBOL_EXTENSIONS = YES;
				CLANG_ANALYZER_NONNULL = YES;
				CLANG_ANALYZER_NUMBER_OBJECT_CONVERSION = YES_AGGRESSIVE;
				CLANG_CXX_LANGUAGE_STANDARD = "gnu++20";
				CLANG_ENABLE_MODULES = YES;
				CLANG_ENABLE_OBJC_ARC = YES;
				CLANG_ENABLE_OBJC_WEAK = YES;
				CLANG_WARN_BLOCK_CAPTURE_AUTORELEASING = YES;
				CLANG_WARN_BOOL_CONVERSION = YES;
				CLANG_WARN_COMMA = YES;
				CLANG_WARN_CONSTANT_CONVERSION = YES;
				CLANG_WARN_DEPRECATED_OBJC_IMPLEMENTATIONS = YES;
				CLANG_WARN_DIRECT_OBJC_ISA_USAGE = YES_ERROR;
				CLANG_WARN_DOCUMENTATION_COMMENTS = YES;
				CLANG_WARN_EMPTY_BODY = YES;
				CLANG_WARN_ENUM_CONVERSION = YES;
				CLANG_WARN_INFINITE_RECURSION = YES;
				CLANG_WARN_INT_CONVERSION = YES;
				CLANG_WARN_NON_LITERAL_NULL_CONVERSION = YES;
				CLANG_WARN_OBJC_IMPLICIT_RETAIN_SELF = YES;
				CLANG_WARN_OBJC_LITERAL_CONVERSION = YES;
				CLANG_WARN_OBJC_ROOT_CLASS = YES_ERROR;
				CLANG_WARN_QUOTED_INCLUDE_IN_FRAMEWORK_HEADER = YES;
				CLANG_WARN_RANGE_LOOP_ANALYSIS = YES;
				CLANG_WARN_STRICT_PROTOTYPES = YES;
				CLANG_WARN_SUSPICIOUS_MOVE = YES;
				CLANG_WARN_UNGUARDED_AVAILABILITY = YES_AGGRESSIVE;
				CLANG_WARN_UNREACHABLE_CODE = YES;
				CLANG_WARN__DUPLICATE_METHOD_MATCH = YES;
				COPY_PHASE_STRIP = NO;
				DEBUG_INFORMATION_FORMAT = "dwarf-with-dsym";
				ENABLE_NS_ASSERTIONS = NO;
				ENABLE_STRICT_OBJC_MSGSEND = YES;
				ENABLE_USER_SCRIPT_SANDBOXING = YES;
				GCC_C_LANGUAGE_STANDARD = gnu17;
				GCC_NO_COMMON_BLOCKS = YES;
				GCC_WARN_64_TO_32_BIT_CONVERSION = YES;
				GCC_WARN_ABOUT_RETURN_TYPE = YES_ERROR;
				GCC_WARN_UNDECLARED_SELECTOR = YES;
				GCC_WARN_UNINITIALIZED_AUTOS = YES_AGGRESSIVE;
				GCC_WARN_UNUSED_FUNCTION = YES;
				GCC_WARN_UNUSED_VARIABLE = YES;
				IPHONEOS_DEPLOYMENT_TARGET = 17.2;
				LOCALIZATION_PREFERS_STRING_CATALOGS = YES;
				MTL_ENABLE_DEBUG_INFO = NO;
				MTL_FAST_MATH = YES;
				SDKROOT = iphoneos;
				SWIFT_COMPILATION_MODE = wholemodule;
				VALIDATE_PRODUCT = YES;
			};
			name = Release;
		};
		85891C3D2C61F8A90039380F /* Debug */ = {
			isa = XCBuildConfiguration;
			buildSettings = {
				ASSETCATALOG_COMPILER_APPICON_NAME = AppIcon;
				ASSETCATALOG_COMPILER_GLOBAL_ACCENT_COLOR_NAME = AccentColor;
				CODE_SIGN_IDENTITY = "Apple Development";
				CODE_SIGN_STYLE = Automatic;
				CURRENT_PROJECT_VERSION = 1;
				DEVELOPMENT_ASSET_PATHS = "\"ecoeats/Preview Content\"";
				DEVELOPMENT_TEAM = 6S83TJN3P8;
				ENABLE_PREVIEWS = YES;
				GENERATE_INFOPLIST_FILE = YES;
				INFOPLIST_KEY_NSCameraUsageDescription = "we need access to your camera to scan QR code";
				INFOPLIST_KEY_NSLocationAlwaysAndWhenInUseUsageDescription = "We need to access your location";
				INFOPLIST_KEY_NSLocationWhenInUseUsageDescription = "We need to access your location";
				INFOPLIST_KEY_UIApplicationSceneManifest_Generation = YES;
				INFOPLIST_KEY_UIApplicationSupportsIndirectInputEvents = YES;
				INFOPLIST_KEY_UILaunchScreen_Generation = YES;
				INFOPLIST_KEY_UILaunchStoryboardName = "Launch Screen.storyboard";
				INFOPLIST_KEY_UISupportedInterfaceOrientations = UIInterfaceOrientationPortrait;
				IPHONEOS_DEPLOYMENT_TARGET = 16.0;
				LD_RUNPATH_SEARCH_PATHS = (
					"$(inherited)",
					"@executable_path/Frameworks",
				);
				MARKETING_VERSION = 1.0;
				PRODUCT_BUNDLE_IDENTIFIER = com.mellowingfactory.ecoeats;
				PRODUCT_NAME = "$(TARGET_NAME)";
				PROVISIONING_PROFILE_SPECIFIER = "";
				SWIFT_EMIT_LOC_STRINGS = YES;
				SWIFT_VERSION = 5.0;
				TARGETED_DEVICE_FAMILY = "1,2";
			};
			name = Debug;
		};
		85891C3E2C61F8A90039380F /* Release */ = {
			isa = XCBuildConfiguration;
			buildSettings = {
				ASSETCATALOG_COMPILER_APPICON_NAME = AppIcon;
				ASSETCATALOG_COMPILER_GLOBAL_ACCENT_COLOR_NAME = AccentColor;
				CODE_SIGN_IDENTITY = "Apple Development";
				CODE_SIGN_STYLE = Automatic;
				CURRENT_PROJECT_VERSION = 1;
				DEVELOPMENT_ASSET_PATHS = "\"ecoeats/Preview Content\"";
				DEVELOPMENT_TEAM = 6S83TJN3P8;
				ENABLE_PREVIEWS = YES;
				GENERATE_INFOPLIST_FILE = YES;
				INFOPLIST_KEY_NSCameraUsageDescription = "we need access to your camera to scan QR code";
				INFOPLIST_KEY_NSLocationAlwaysAndWhenInUseUsageDescription = "We need to access your location";
				INFOPLIST_KEY_NSLocationWhenInUseUsageDescription = "We need to access your location";
				INFOPLIST_KEY_UIApplicationSceneManifest_Generation = YES;
				INFOPLIST_KEY_UIApplicationSupportsIndirectInputEvents = YES;
				INFOPLIST_KEY_UILaunchScreen_Generation = YES;
				INFOPLIST_KEY_UILaunchStoryboardName = "Launch Screen.storyboard";
				INFOPLIST_KEY_UISupportedInterfaceOrientations = UIInterfaceOrientationPortrait;
				IPHONEOS_DEPLOYMENT_TARGET = 16.0;
				LD_RUNPATH_SEARCH_PATHS = (
					"$(inherited)",
					"@executable_path/Frameworks",
				);
				MARKETING_VERSION = 1.0;
				PRODUCT_BUNDLE_IDENTIFIER = com.mellowingfactory.ecoeats;
				PRODUCT_NAME = "$(TARGET_NAME)";
				PROVISIONING_PROFILE_SPECIFIER = "";
				SWIFT_EMIT_LOC_STRINGS = YES;
				SWIFT_VERSION = 5.0;
				TARGETED_DEVICE_FAMILY = "1,2";
			};
			name = Release;
		};
/* End XCBuildConfiguration section */

/* Begin XCConfigurationList section */
		85891C292C61F8A70039380F /* Build configuration list for PBXProject "ecoeats" */ = {
			isa = XCConfigurationList;
			buildConfigurations = (
				85891C3A2C61F8A90039380F /* Debug */,
				85891C3B2C61F8A90039380F /* Release */,
			);
			defaultConfigurationIsVisible = 0;
			defaultConfigurationName = Release;
		};
		85891C3C2C61F8A90039380F /* Build configuration list for PBXNativeTarget "ecoeats" */ = {
			isa = XCConfigurationList;
			buildConfigurations = (
				85891C3D2C61F8A90039380F /* Debug */,
				85891C3E2C61F8A90039380F /* Release */,
			);
			defaultConfigurationIsVisible = 0;
			defaultConfigurationName = Release;
		};
/* End XCConfigurationList section */

/* Begin XCRemoteSwiftPackageReference section */
		85D28E332C635B58008D5F15 /* XCRemoteSwiftPackageReference "amplify-swift" */ = {
			isa = XCRemoteSwiftPackageReference;
			repositoryURL = "https://github.com/aws-amplify/amplify-swift.git";
			requirement = {
				kind = upToNextMajorVersion;
				minimumVersion = 2.36.0;
			};
		};
		85D28E4B2C64A2D9008D5F15 /* XCRemoteSwiftPackageReference "CachedAsyncImage" */ = {
			isa = XCRemoteSwiftPackageReference;
			repositoryURL = "https://github.com/bullinnyc/CachedAsyncImage.git";
			requirement = {
				kind = upToNextMajorVersion;
				minimumVersion = 2.6.0;
			};
		};
/* End XCRemoteSwiftPackageReference section */

/* Begin XCSwiftPackageProductDependency section */
		85D28E342C635B58008D5F15 /* AWSAPIPlugin */ = {
			isa = XCSwiftPackageProductDependency;
			package = 85D28E332C635B58008D5F15 /* XCRemoteSwiftPackageReference "amplify-swift" */;
			productName = AWSAPIPlugin;
		};
		85D28E362C635B58008D5F15 /* AWSCloudWatchLoggingPlugin */ = {
			isa = XCSwiftPackageProductDependency;
			package = 85D28E332C635B58008D5F15 /* XCRemoteSwiftPackageReference "amplify-swift" */;
			productName = AWSCloudWatchLoggingPlugin;
		};
		85D28E382C635B58008D5F15 /* AWSCognitoAuthPlugin */ = {
			isa = XCSwiftPackageProductDependency;
			package = 85D28E332C635B58008D5F15 /* XCRemoteSwiftPackageReference "amplify-swift" */;
			productName = AWSCognitoAuthPlugin;
		};
		85D28E3A2C635B58008D5F15 /* AWSDataStorePlugin */ = {
			isa = XCSwiftPackageProductDependency;
			package = 85D28E332C635B58008D5F15 /* XCRemoteSwiftPackageReference "amplify-swift" */;
			productName = AWSDataStorePlugin;
		};
		85D28E3C2C635B58008D5F15 /* AWSLocationGeoPlugin */ = {
			isa = XCSwiftPackageProductDependency;
			package = 85D28E332C635B58008D5F15 /* XCRemoteSwiftPackageReference "amplify-swift" */;
			productName = AWSLocationGeoPlugin;
		};
		85D28E4C2C64A2D9008D5F15 /* CachedAsyncImage */ = {
			isa = XCSwiftPackageProductDependency;
			package = 85D28E4B2C64A2D9008D5F15 /* XCRemoteSwiftPackageReference "CachedAsyncImage" */;
			productName = CachedAsyncImage;
		};
/* End XCSwiftPackageProductDependency section */
	};
	rootObject = 85891C262C61F8A70039380F /* Project object */;
}
